
Microsoft Visual Studio Solution File, Format Version 12.00
# Visual Studio Version 16
VisualStudioVersion = 16.0.29509.3
MinimumVisualStudioVersion = 10.0.40219.1
Project("{2150E333-8FDC-42A3-9474-1A3956D46DE8}") = "02.WithHttp", "02.WithHttp", "{E1FA55A9-D080-4381-AD6E-2999C330ACEE}"
EndProject
Project("{2150E333-8FDC-42A3-9474-1A3956D46DE8}") = "01.Basic", "01.Basic", "{02A356B1-2D5D-4CCE-82CE-3A9776262E75}"
EndProject
Project("{9A19103F-16F7-4668-BE54-9A1E7A4F7556}") = "Basic.Server", "Basic.Server\Basic.Server.csproj", "{B9D5FEB5-D551-4CC4-B8BE-94C48E9383F6}"
EndProject
Project("{9A19103F-16F7-4668-BE54-9A1E7A4F7556}") = "Basic.ApiClient", "Basic.ApiClient\Basic.ApiClient.csproj", "{E4BE4BCE-29B6-46BE-9B00-150F241C9460}"
EndProject
Project("{9A19103F-16F7-4668-BE54-9A1E7A4F7556}") = "WithHttp.Server", "WithHttp.Server\WithHttp.Server.csproj", "{FDF250A4-A45E-4EC4-98BF-C27B609F05FA}"
EndProject
Project("{9A19103F-16F7-4668-BE54-9A1E7A4F7556}") = "WithHttp.Client", "WithHttp.Client\WithHttp.Client.csproj", "{A1018B55-E3A6-45F1-8692-8083A97FC7A8}"
EndProject
Project("{2150E333-8FDC-42A3-9474-1A3956D46DE8}") = "03.Configuration", "03.Configuration", "{8FBE34F3-985E-463D-8197-3DB491C0C737}"
EndProject
Project("{9A19103F-16F7-4668-BE54-9A1E7A4F7556}") = "Config.Server", "Config.Server\Config.Server.csproj", "{7D654C25-1F2A-45EA-9DBA-797D1642C299}"
EndProject
Project("{9A19103F-16F7-4668-BE54-9A1E7A4F7556}") = "Basic.Client", "Basic.Client\Basic.Client.csproj", "{5B8C2746-243C-4BFA-AEDC-95170E9E3450}"
EndProject
Project("{9A19103F-16F7-4668-BE54-9A1E7A4F7556}") = "Config.Client", "Config.Client\Config.Client.csproj", "{BD42569F-FA09-4240-BC7B-89C3B518F38C}"
EndProject
Project("{2150E333-8FDC-42A3-9474-1A3956D46DE8}") = "04.Logging", "04.Logging", "{8315CA4E-B59A-4127-A706-83FE5E79224C}"
EndProject
Project("{9A19103F-16F7-4668-BE54-9A1E7A4F7556}") = "Logging.Server", "Logging.Server\Logging.Server.csproj", "{12D98E04-2848-4E39-8524-F1A3E39F5526}"
EndProject
Project("{9A19103F-16F7-4668-BE54-9A1E7A4F7556}") = "Logging.Client", "Logging.Client\Logging.Client.csproj", "{11311860-D44E-46D8-A833-E3C91E7DFAAB}"
EndProject
Project("{2150E333-8FDC-42A3-9474-1A3956D46DE8}") = "05.Authentication", "05.Authentication", "{F513B3B3-2852-4899-A88B-9185314A7953}"
EndProject
Project("{9A19103F-16F7-4668-BE54-9A1E7A4F7556}") = "Authentication.Server", "Authentication.Server\Authentication.Server.csproj", "{168C9928-E566-4272-8FB0-05897F975DD5}"
EndProject
Project("{9A19103F-16F7-4668-BE54-9A1E7A4F7556}") = "Authentication.Client", "Authentication.Client\Authentication.Client.csproj", "{2C6A0B5C-0BE5-4974-A772-45A86857F67D}"
EndProject
Project("{2150E333-8FDC-42A3-9474-1A3956D46DE8}") = "06.ClientStream", "06.ClientStream", "{0FB2E5B5-D332-451F-9863-3833B41D7B40}"
EndProject
Project("{9A19103F-16F7-4668-BE54-9A1E7A4F7556}") = "ClientStream.Server", "ClientStream.Server\ClientStream.Server.csproj", "{15E14A47-2E33-4684-97C1-D7B13DB1574B}"
EndProject
Project("{9A19103F-16F7-4668-BE54-9A1E7A4F7556}") = "ClientStream.Client", "ClientStream.Client\ClientStream.Client.csproj", "{A56EC7CB-DC53-41D6-B124-9BC6F54CCA06}"
EndProject
Project("{9A19103F-16F7-4668-BE54-9A1E7A4F7556}") = "ServerStream.Server", "ServerStream.Server\ServerStream.Server.csproj", "{27625338-59DD-4F1C-BD86-26661597ABC5}"
EndProject
Project("{9A19103F-16F7-4668-BE54-9A1E7A4F7556}") = "ServerStream.Client", "ServerStream.Client\ServerStream.Client.csproj", "{1788A0E1-7B00-485F-ACC4-C61AC31F9DD8}"
EndProject
Project("{2150E333-8FDC-42A3-9474-1A3956D46DE8}") = "07.ServerStream", "07.ServerStream", "{9A666114-BAB8-4006-97BB-F1F259D9505E}"
EndProject
Project("{2150E333-8FDC-42A3-9474-1A3956D46DE8}") = "08.CancelToken", "08.CancelToken", "{E2173444-FD41-4567-9444-209F106244F7}"
EndProject
Project("{9A19103F-16F7-4668-BE54-9A1E7A4F7556}") = "CancelToken.Server", "CancelToken.Server\CancelToken.Server.csproj", "{E879ACC8-6FC9-48E9-B881-B7B01CECD18B}"
EndProject
Project("{9A19103F-16F7-4668-BE54-9A1E7A4F7556}") = "CancelToken.Client", "CancelToken.Client\CancelToken.Client.csproj", "{3EC1D590-AFF6-46EC-A60C-E8A77F87EFD3}"
EndProject
Project("{2150E333-8FDC-42A3-9474-1A3956D46DE8}") = "09.Nested", "09.Nested", "{2BF64E32-9381-47DF-A382-13267F4574CC}"
EndProject
Project("{9A19103F-16F7-4668-BE54-9A1E7A4F7556}") = "Nested.Server", "Nested.Server\Nested.Server.csproj", "{76FD7D86-9AB5-4880-97F8-E10D89B3D29A}"
EndProject
Project("{9A19103F-16F7-4668-BE54-9A1E7A4F7556}") = "Nested.Client", "Nested.Client\Nested.Client.csproj", "{40B48BCA-7976-4731-AE4A-4E3C8C5EF296}"
EndProject
Project("{2150E333-8FDC-42A3-9474-1A3956D46DE8}") = "10.Progress", "10.Progress", "{DE7392CE-2925-4B01-B8A4-4AE0A06A5AA8}"
EndProject
Project("{9A19103F-16F7-4668-BE54-9A1E7A4F7556}") = "Progress.Client", "Progress.Client\Progress.Client.csproj", "{98C5C168-EF00-40AD-9C2A-7A1AFFCD653E}"
EndProject
Project("{9A19103F-16F7-4668-BE54-9A1E7A4F7556}") = "Progress.Server", "Progress.Server\Progress.Server.csproj", "{B8093F5D-1A3D-4934-9173-52398019C54C}"
EndProject
Project("{2150E333-8FDC-42A3-9474-1A3956D46DE8}") = "11.Bidirectional", "11.Bidirectional", "{4504A351-AF2E-42F7-AE2D-7440F6EA1CCA}"
EndProject
Project("{9A19103F-16F7-4668-BE54-9A1E7A4F7556}") = "Bidirectional.Server", "Bidirectional.Server\Bidirectional.Server.csproj", "{864C28A7-CD98-4B91-962B-3F17E62061E2}"
EndProject
Project("{9A19103F-16F7-4668-BE54-9A1E7A4F7556}") = "Bidirectional.Client", "Bidirectional.Client\Bidirectional.Client.csproj", "{2B3D8F66-03E8-498D-AFC7-6FA408B4DD70}"
EndProject
Project("{2150E333-8FDC-42A3-9474-1A3956D46DE8}") = "12.Consul", "12.Consul", "{79AC5B5C-0D43-4058-9FEB-CE6F7FABA13C}"
EndProject
Project("{FAE04EC0-301F-11D3-BF4B-00C04F79EFBC}") = "Consul.Server", "Consul.Server\Consul.Server.csproj", "{0065636B-8F08-436D-8F00-B4F00F81DB17}"
EndProject
Project("{FAE04EC0-301F-11D3-BF4B-00C04F79EFBC}") = "Consul.Client", "Consul.Client\Consul.Client.csproj", "{5E05819E-E768-409C-BDB0-4218A14FE61A}"
EndProject
Global
	GlobalSection(SolutionConfigurationPlatforms) = preSolution
		Debug|Any CPU = Debug|Any CPU
		Release|Any CPU = Release|Any CPU
	EndGlobalSection
	GlobalSection(ProjectConfigurationPlatforms) = postSolution
		{B9D5FEB5-D551-4CC4-B8BE-94C48E9383F6}.Debug|Any CPU.ActiveCfg = Debug|Any CPU
		{B9D5FEB5-D551-4CC4-B8BE-94C48E9383F6}.Debug|Any CPU.Build.0 = Debug|Any CPU
		{B9D5FEB5-D551-4CC4-B8BE-94C48E9383F6}.Release|Any CPU.ActiveCfg = Release|Any CPU
		{B9D5FEB5-D551-4CC4-B8BE-94C48E9383F6}.Release|Any CPU.Build.0 = Release|Any CPU
		{E4BE4BCE-29B6-46BE-9B00-150F241C9460}.Debug|Any CPU.ActiveCfg = Debug|Any CPU
		{E4BE4BCE-29B6-46BE-9B00-150F241C9460}.Debug|Any CPU.Build.0 = Debug|Any CPU
		{E4BE4BCE-29B6-46BE-9B00-150F241C9460}.Release|Any CPU.ActiveCfg = Release|Any CPU
		{E4BE4BCE-29B6-46BE-9B00-150F241C9460}.Release|Any CPU.Build.0 = Release|Any CPU
		{FDF250A4-A45E-4EC4-98BF-C27B609F05FA}.Debug|Any CPU.ActiveCfg = Debug|Any CPU
		{FDF250A4-A45E-4EC4-98BF-C27B609F05FA}.Debug|Any CPU.Build.0 = Debug|Any CPU
		{FDF250A4-A45E-4EC4-98BF-C27B609F05FA}.Release|Any CPU.ActiveCfg = Release|Any CPU
		{FDF250A4-A45E-4EC4-98BF-C27B609F05FA}.Release|Any CPU.Build.0 = Release|Any CPU
		{A1018B55-E3A6-45F1-8692-8083A97FC7A8}.Debug|Any CPU.ActiveCfg = Debug|Any CPU
		{A1018B55-E3A6-45F1-8692-8083A97FC7A8}.Debug|Any CPU.Build.0 = Debug|Any CPU
		{A1018B55-E3A6-45F1-8692-8083A97FC7A8}.Release|Any CPU.ActiveCfg = Release|Any CPU
		{A1018B55-E3A6-45F1-8692-8083A97FC7A8}.Release|Any CPU.Build.0 = Release|Any CPU
		{7D654C25-1F2A-45EA-9DBA-797D1642C299}.Debug|Any CPU.ActiveCfg = Debug|Any CPU
		{7D654C25-1F2A-45EA-9DBA-797D1642C299}.Debug|Any CPU.Build.0 = Debug|Any CPU
		{7D654C25-1F2A-45EA-9DBA-797D1642C299}.Release|Any CPU.ActiveCfg = Release|Any CPU
		{7D654C25-1F2A-45EA-9DBA-797D1642C299}.Release|Any CPU.Build.0 = Release|Any CPU
		{5B8C2746-243C-4BFA-AEDC-95170E9E3450}.Debug|Any CPU.ActiveCfg = Debug|Any CPU
		{5B8C2746-243C-4BFA-AEDC-95170E9E3450}.Debug|Any CPU.Build.0 = Debug|Any CPU
		{5B8C2746-243C-4BFA-AEDC-95170E9E3450}.Release|Any CPU.ActiveCfg = Release|Any CPU
		{5B8C2746-243C-4BFA-AEDC-95170E9E3450}.Release|Any CPU.Build.0 = Release|Any CPU
		{BD42569F-FA09-4240-BC7B-89C3B518F38C}.Debug|Any CPU.ActiveCfg = Debug|Any CPU
		{BD42569F-FA09-4240-BC7B-89C3B518F38C}.Debug|Any CPU.Build.0 = Debug|Any CPU
		{BD42569F-FA09-4240-BC7B-89C3B518F38C}.Release|Any CPU.ActiveCfg = Release|Any CPU
		{BD42569F-FA09-4240-BC7B-89C3B518F38C}.Release|Any CPU.Build.0 = Release|Any CPU
		{12D98E04-2848-4E39-8524-F1A3E39F5526}.Debug|Any CPU.ActiveCfg = Debug|Any CPU
		{12D98E04-2848-4E39-8524-F1A3E39F5526}.Debug|Any CPU.Build.0 = Debug|Any CPU
		{12D98E04-2848-4E39-8524-F1A3E39F5526}.Release|Any CPU.ActiveCfg = Release|Any CPU
		{12D98E04-2848-4E39-8524-F1A3E39F5526}.Release|Any CPU.Build.0 = Release|Any CPU
		{11311860-D44E-46D8-A833-E3C91E7DFAAB}.Debug|Any CPU.ActiveCfg = Debug|Any CPU
		{11311860-D44E-46D8-A833-E3C91E7DFAAB}.Debug|Any CPU.Build.0 = Debug|Any CPU
		{11311860-D44E-46D8-A833-E3C91E7DFAAB}.Release|Any CPU.ActiveCfg = Release|Any CPU
		{11311860-D44E-46D8-A833-E3C91E7DFAAB}.Release|Any CPU.Build.0 = Release|Any CPU
		{168C9928-E566-4272-8FB0-05897F975DD5}.Debug|Any CPU.ActiveCfg = Debug|Any CPU
		{168C9928-E566-4272-8FB0-05897F975DD5}.Debug|Any CPU.Build.0 = Debug|Any CPU
		{168C9928-E566-4272-8FB0-05897F975DD5}.Release|Any CPU.ActiveCfg = Release|Any CPU
		{168C9928-E566-4272-8FB0-05897F975DD5}.Release|Any CPU.Build.0 = Release|Any CPU
		{2C6A0B5C-0BE5-4974-A772-45A86857F67D}.Debug|Any CPU.ActiveCfg = Debug|Any CPU
		{2C6A0B5C-0BE5-4974-A772-45A86857F67D}.Debug|Any CPU.Build.0 = Debug|Any CPU
		{2C6A0B5C-0BE5-4974-A772-45A86857F67D}.Release|Any CPU.ActiveCfg = Release|Any CPU
		{2C6A0B5C-0BE5-4974-A772-45A86857F67D}.Release|Any CPU.Build.0 = Release|Any CPU
		{15E14A47-2E33-4684-97C1-D7B13DB1574B}.Debug|Any CPU.ActiveCfg = Debug|Any CPU
		{15E14A47-2E33-4684-97C1-D7B13DB1574B}.Debug|Any CPU.Build.0 = Debug|Any CPU
		{15E14A47-2E33-4684-97C1-D7B13DB1574B}.Release|Any CPU.ActiveCfg = Release|Any CPU
		{15E14A47-2E33-4684-97C1-D7B13DB1574B}.Release|Any CPU.Build.0 = Release|Any CPU
		{A56EC7CB-DC53-41D6-B124-9BC6F54CCA06}.Debug|Any CPU.ActiveCfg = Debug|Any CPU
		{A56EC7CB-DC53-41D6-B124-9BC6F54CCA06}.Debug|Any CPU.Build.0 = Debug|Any CPU
		{A56EC7CB-DC53-41D6-B124-9BC6F54CCA06}.Release|Any CPU.ActiveCfg = Release|Any CPU
		{A56EC7CB-DC53-41D6-B124-9BC6F54CCA06}.Release|Any CPU.Build.0 = Release|Any CPU
		{27625338-59DD-4F1C-BD86-26661597ABC5}.Debug|Any CPU.ActiveCfg = Debug|Any CPU
		{27625338-59DD-4F1C-BD86-26661597ABC5}.Debug|Any CPU.Build.0 = Debug|Any CPU
		{27625338-59DD-4F1C-BD86-26661597ABC5}.Release|Any CPU.ActiveCfg = Release|Any CPU
		{27625338-59DD-4F1C-BD86-26661597ABC5}.Release|Any CPU.Build.0 = Release|Any CPU
		{1788A0E1-7B00-485F-ACC4-C61AC31F9DD8}.Debug|Any CPU.ActiveCfg = Debug|Any CPU
		{1788A0E1-7B00-485F-ACC4-C61AC31F9DD8}.Debug|Any CPU.Build.0 = Debug|Any CPU
		{1788A0E1-7B00-485F-ACC4-C61AC31F9DD8}.Release|Any CPU.ActiveCfg = Release|Any CPU
		{1788A0E1-7B00-485F-ACC4-C61AC31F9DD8}.Release|Any CPU.Build.0 = Release|Any CPU
		{E879ACC8-6FC9-48E9-B881-B7B01CECD18B}.Debug|Any CPU.ActiveCfg = Debug|Any CPU
		{E879ACC8-6FC9-48E9-B881-B7B01CECD18B}.Debug|Any CPU.Build.0 = Debug|Any CPU
		{E879ACC8-6FC9-48E9-B881-B7B01CECD18B}.Release|Any CPU.ActiveCfg = Release|Any CPU
		{E879ACC8-6FC9-48E9-B881-B7B01CECD18B}.Release|Any CPU.Build.0 = Release|Any CPU
		{3EC1D590-AFF6-46EC-A60C-E8A77F87EFD3}.Debug|Any CPU.ActiveCfg = Debug|Any CPU
		{3EC1D590-AFF6-46EC-A60C-E8A77F87EFD3}.Debug|Any CPU.Build.0 = Debug|Any CPU
		{3EC1D590-AFF6-46EC-A60C-E8A77F87EFD3}.Release|Any CPU.ActiveCfg = Release|Any CPU
		{3EC1D590-AFF6-46EC-A60C-E8A77F87EFD3}.Release|Any CPU.Build.0 = Release|Any CPU
		{76FD7D86-9AB5-4880-97F8-E10D89B3D29A}.Debug|Any CPU.ActiveCfg = Debug|Any CPU
		{76FD7D86-9AB5-4880-97F8-E10D89B3D29A}.Debug|Any CPU.Build.0 = Debug|Any CPU
		{76FD7D86-9AB5-4880-97F8-E10D89B3D29A}.Release|Any CPU.ActiveCfg = Release|Any CPU
		{76FD7D86-9AB5-4880-97F8-E10D89B3D29A}.Release|Any CPU.Build.0 = Release|Any CPU
		{40B48BCA-7976-4731-AE4A-4E3C8C5EF296}.Debug|Any CPU.ActiveCfg = Debug|Any CPU
		{40B48BCA-7976-4731-AE4A-4E3C8C5EF296}.Debug|Any CPU.Build.0 = Debug|Any CPU
		{40B48BCA-7976-4731-AE4A-4E3C8C5EF296}.Release|Any CPU.ActiveCfg = Release|Any CPU
		{40B48BCA-7976-4731-AE4A-4E3C8C5EF296}.Release|Any CPU.Build.0 = Release|Any CPU
		{98C5C168-EF00-40AD-9C2A-7A1AFFCD653E}.Debug|Any CPU.ActiveCfg = Debug|Any CPU
		{98C5C168-EF00-40AD-9C2A-7A1AFFCD653E}.Debug|Any CPU.Build.0 = Debug|Any CPU
		{98C5C168-EF00-40AD-9C2A-7A1AFFCD653E}.Release|Any CPU.ActiveCfg = Release|Any CPU
		{98C5C168-EF00-40AD-9C2A-7A1AFFCD653E}.Release|Any CPU.Build.0 = Release|Any CPU
		{B8093F5D-1A3D-4934-9173-52398019C54C}.Debug|Any CPU.ActiveCfg = Debug|Any CPU
		{B8093F5D-1A3D-4934-9173-52398019C54C}.Debug|Any CPU.Build.0 = Debug|Any CPU
		{B8093F5D-1A3D-4934-9173-52398019C54C}.Release|Any CPU.ActiveCfg = Release|Any CPU
		{B8093F5D-1A3D-4934-9173-52398019C54C}.Release|Any CPU.Build.0 = Release|Any CPU
		{864C28A7-CD98-4B91-962B-3F17E62061E2}.Debug|Any CPU.ActiveCfg = Debug|Any CPU
		{864C28A7-CD98-4B91-962B-3F17E62061E2}.Debug|Any CPU.Build.0 = Debug|Any CPU
		{864C28A7-CD98-4B91-962B-3F17E62061E2}.Release|Any CPU.ActiveCfg = Release|Any CPU
		{864C28A7-CD98-4B91-962B-3F17E62061E2}.Release|Any CPU.Build.0 = Release|Any CPU
		{2B3D8F66-03E8-498D-AFC7-6FA408B4DD70}.Debug|Any CPU.ActiveCfg = Debug|Any CPU
		{2B3D8F66-03E8-498D-AFC7-6FA408B4DD70}.Debug|Any CPU.Build.0 = Debug|Any CPU
		{2B3D8F66-03E8-498D-AFC7-6FA408B4DD70}.Release|Any CPU.ActiveCfg = Release|Any CPU
		{2B3D8F66-03E8-498D-AFC7-6FA408B4DD70}.Release|Any CPU.Build.0 = Release|Any CPU
		{0065636B-8F08-436D-8F00-B4F00F81DB17}.Debug|Any CPU.ActiveCfg = Debug|Any CPU
		{0065636B-8F08-436D-8F00-B4F00F81DB17}.Debug|Any CPU.Build.0 = Debug|Any CPU
		{0065636B-8F08-436D-8F00-B4F00F81DB17}.Release|Any CPU.ActiveCfg = Release|Any CPU
		{0065636B-8F08-436D-8F00-B4F00F81DB17}.Release|Any CPU.Build.0 = Release|Any CPU
		{5E05819E-E768-409C-BDB0-4218A14FE61A}.Debug|Any CPU.ActiveCfg = Debug|Any CPU
		{5E05819E-E768-409C-BDB0-4218A14FE61A}.Debug|Any CPU.Build.0 = Debug|Any CPU
		{5E05819E-E768-409C-BDB0-4218A14FE61A}.Release|Any CPU.ActiveCfg = Release|Any CPU
		{5E05819E-E768-409C-BDB0-4218A14FE61A}.Release|Any CPU.Build.0 = Release|Any CPU
	EndGlobalSection
	GlobalSection(SolutionProperties) = preSolution
		HideSolutionNode = FALSE
	EndGlobalSection
	GlobalSection(NestedProjects) = preSolution
		{B9D5FEB5-D551-4CC4-B8BE-94C48E9383F6} = {02A356B1-2D5D-4CCE-82CE-3A9776262E75}
		{E4BE4BCE-29B6-46BE-9B00-150F241C9460} = {02A356B1-2D5D-4CCE-82CE-3A9776262E75}
		{FDF250A4-A45E-4EC4-98BF-C27B609F05FA} = {E1FA55A9-D080-4381-AD6E-2999C330ACEE}
		{A1018B55-E3A6-45F1-8692-8083A97FC7A8} = {E1FA55A9-D080-4381-AD6E-2999C330ACEE}
		{7D654C25-1F2A-45EA-9DBA-797D1642C299} = {8FBE34F3-985E-463D-8197-3DB491C0C737}
		{5B8C2746-243C-4BFA-AEDC-95170E9E3450} = {02A356B1-2D5D-4CCE-82CE-3A9776262E75}
		{BD42569F-FA09-4240-BC7B-89C3B518F38C} = {8FBE34F3-985E-463D-8197-3DB491C0C737}
		{12D98E04-2848-4E39-8524-F1A3E39F5526} = {8315CA4E-B59A-4127-A706-83FE5E79224C}
		{11311860-D44E-46D8-A833-E3C91E7DFAAB} = {8315CA4E-B59A-4127-A706-83FE5E79224C}
		{168C9928-E566-4272-8FB0-05897F975DD5} = {F513B3B3-2852-4899-A88B-9185314A7953}
		{2C6A0B5C-0BE5-4974-A772-45A86857F67D} = {F513B3B3-2852-4899-A88B-9185314A7953}
		{15E14A47-2E33-4684-97C1-D7B13DB1574B} = {0FB2E5B5-D332-451F-9863-3833B41D7B40}
		{A56EC7CB-DC53-41D6-B124-9BC6F54CCA06} = {0FB2E5B5-D332-451F-9863-3833B41D7B40}
		{27625338-59DD-4F1C-BD86-26661597ABC5} = {9A666114-BAB8-4006-97BB-F1F259D9505E}
		{1788A0E1-7B00-485F-ACC4-C61AC31F9DD8} = {9A666114-BAB8-4006-97BB-F1F259D9505E}
		{E879ACC8-6FC9-48E9-B881-B7B01CECD18B} = {E2173444-FD41-4567-9444-209F106244F7}
		{3EC1D590-AFF6-46EC-A60C-E8A77F87EFD3} = {E2173444-FD41-4567-9444-209F106244F7}
		{76FD7D86-9AB5-4880-97F8-E10D89B3D29A} = {2BF64E32-9381-47DF-A382-13267F4574CC}
		{40B48BCA-7976-4731-AE4A-4E3C8C5EF296} = {2BF64E32-9381-47DF-A382-13267F4574CC}
		{98C5C168-EF00-40AD-9C2A-7A1AFFCD653E} = {DE7392CE-2925-4B01-B8A4-4AE0A06A5AA8}
		{B8093F5D-1A3D-4934-9173-52398019C54C} = {DE7392CE-2925-4B01-B8A4-4AE0A06A5AA8}
		{864C28A7-CD98-4B91-962B-3F17E62061E2} = {4504A351-AF2E-42F7-AE2D-7440F6EA1CCA}
		{2B3D8F66-03E8-498D-AFC7-6FA408B4DD70} = {4504A351-AF2E-42F7-AE2D-7440F6EA1CCA}
		{0065636B-8F08-436D-8F00-B4F00F81DB17} = {79AC5B5C-0D43-4058-9FEB-CE6F7FABA13C}
		{5E05819E-E768-409C-BDB0-4218A14FE61A} = {79AC5B5C-0D43-4058-9FEB-CE6F7FABA13C}
	EndGlobalSection
	GlobalSection(ExtensibilityGlobals) = postSolution
		SolutionGuid = {9830425D-3428-4E8E-A077-B39A3EE74204}
	EndGlobalSection
EndGlobal
